<?xml version="1.0" encoding="utf-8"?>
<Project ToolsVersion="4.0" xmlns="http://schemas.microsoft.com/developer/msbuild/2003">
  <ItemGroup>
    <Filter Include="Source Files">
      <UniqueIdentifier>{8bc646f4-d9be-4483-9a2b-6b740598284f}</UniqueIdentifier>
      <Extensions>cpp;c;cxx;rc;def;r;odl;idl;hpj;bat</Extensions>
    </Filter>
    <Filter Include="Header Files">
      <UniqueIdentifier>{b81cde6c-4527-419b-b334-a4064799f6d5}</UniqueIdentifier>
      <Extensions>h;hpp;hxx;hm;inl</Extensions>
    </Filter>
    <Filter Include="Resource Files">
      <UniqueIdentifier>{e1bec55f-acc7-460c-a9aa-f3f28ea6198b}</UniqueIdentifier>
      <Extensions>ico;cur;bmp;dlg;rc2;rct;bin;rgs;gif;jpg;jpeg;jpe</Extensions>
    </Filter>
    <Filter Include="Other Files">
      <UniqueIdentifier>{96ca3a84-a1f7-479a-b2ff-f09aec1dc445}</UniqueIdentifier>
      <Extensions>*.ini</Extensions>
    </Filter>
  </ItemGroup>
  <ItemGroup>
    <ClCompile Include="channel.c">
      <Filter>Source Files</Filter>
    </ClCompile>
    <ClCompile Include="charset.c">
      <Filter>Source Files</Filter>
    </ClCompile>
    <ClCompile Include="console.c">
      <Filter>Source Files</Filter>
    </ClCompile>
    <ClCompile Include="cp3446.c">
      <Filter>Source Files</Filter>
    </ClCompile>
    <ClCompile Include="cpu.c">
      <Filter>Source Files</Filter>
    </ClCompile>
    <ClCompile Include="cr3447.c">
      <Filter>Source Files</Filter>
    </ClCompile>
    <ClCompile Include="cr405.c">
      <Filter>Source Files</Filter>
    </ClCompile>
    <ClCompile Include="dcc6681.c">
      <Filter>Source Files</Filter>
    </ClCompile>
    <ClCompile Include="dd6603.c">
      <Filter>Source Files</Filter>
    </ClCompile>
    <ClCompile Include="dd8xx.c">
      <Filter>Source Files</Filter>
    </ClCompile>
    <ClCompile Include="ddp.c">
      <Filter>Source Files</Filter>
    </ClCompile>
    <ClCompile Include="deadstart.c">
      <Filter>Source Files</Filter>
    </ClCompile>
    <ClCompile Include="device.c">
      <Filter>Source Files</Filter>
    </ClCompile>
    <ClCompile Include="dsa311.c">
      <Filter>Source Files</Filter>
    </ClCompile>
    <ClCompile Include="dump.c">
      <Filter>Source Files</Filter>
    </ClCompile>
    <ClCompile Include="float.c">
      <Filter>Source Files</Filter>
    </ClCompile>
    <ClCompile Include="init.c">
      <Filter>Source Files</Filter>
    </ClCompile>
    <ClCompile Include="interlock_channel.c">
      <Filter>Source Files</Filter>
    </ClCompile>
    <ClCompile Include="log.c">
      <Filter>Source Files</Filter>
    </ClCompile>
    <ClCompile Include="lp1612.c">
      <Filter>Source Files</Filter>
    </ClCompile>
    <ClCompile Include="lp3000.c">
      <Filter>Source Files</Filter>
    </ClCompile>
    <ClCompile Include="main.c">
      <Filter>Source Files</Filter>
    </ClCompile>
    <ClCompile Include="maintenance_channel.c">
      <Filter>Source Files</Filter>
    </ClCompile>
    <ClCompile Include="mt362x.c">
      <Filter>Source Files</Filter>
    </ClCompile>
    <ClCompile Include="mt607.c">
      <Filter>Source Files</Filter>
    </ClCompile>
    <ClCompile Include="mt669.c">
      <Filter>Source Files</Filter>
    </ClCompile>
    <ClCompile Include="mt679.c">
      <Filter>Source Files</Filter>
    </ClCompile>
    <ClCompile Include="mux6676.c">
      <Filter>Source Files</Filter>
    </ClCompile>
    <ClCompile Include="npu_async.c">
      <Filter>Source Files</Filter>
    </ClCompile>
    <ClCompile Include="npu_bip.c">
      <Filter>Source Files</Filter>
    </ClCompile>
    <ClCompile Include="npu_hip.c">
      <Filter>Source Files</Filter>
    </ClCompile>
    <ClCompile Include="npu_lip.c">
      <Filter>Source Files</Filter>
    </ClCompile>
    <ClCompile Include="npu_net.c">
      <Filter>Source Files</Filter>
    </ClCompile>
    <ClCompile Include="npu_svm.c">
      <Filter>Source Files</Filter>
    </ClCompile>
    <ClCompile Include="npu_tip.c">
      <Filter>Source Files</Filter>
    </ClCompile>
    <ClCompile Include="operator.c">
      <Filter>Source Files</Filter>
    </ClCompile>
    <ClCompile Include="pci_channel_linux.c">
      <Filter>Source Files</Filter>
    </ClCompile>
    <ClCompile Include="pci_channel_win32.c">
      <Filter>Source Files</Filter>
    </ClCompile>
    <ClCompile Include="pci_console_linux.c">
      <Filter>Source Files</Filter>
    </ClCompile>
    <ClCompile Include="pp.c">
      <Filter>Source Files</Filter>
    </ClCompile>
    <ClCompile Include="rtc.c">
      <Filter>Source Files</Filter>
    </ClCompile>
    <ClCompile Include="scr_channel.c">
      <Filter>Source Files</Filter>
    </ClCompile>
    <ClCompile Include="shift.c">
      <Filter>Source Files</Filter>
    </ClCompile>
    <ClCompile Include="tpmux.c">
      <Filter>Source Files</Filter>
    </ClCompile>
    <ClCompile Include="trace.c">
      <Filter>Source Files</Filter>
    </ClCompile>
    <ClCompile Include="window_win32.c">
      <Filter>Source Files</Filter>
    </ClCompile>
    <ClCompile Include="window_x11.c">
      <Filter>Source Files</Filter>
    </ClCompile>
    <ClCompile Include="fsmon.c">
      <Filter>Source Files</Filter>
    </ClCompile>
    <ClCompile Include="dirent_win.c">
      <Filter>Source Files</Filter>
    </ClCompile>
    <ClCompile Include="cdcnet.c">
      <Filter>Source Files</Filter>
    </ClCompile>
    <ClCompile Include="mdi.c">
      <Filter>Source Files</Filter>
    </ClCompile>
    <ClCompile Include="dd885-42.c">
      <Filter>Source Files</Filter>
    </ClCompile>
    <ClCompile Include="cray_station.c">
      <Filter>Source Files</Filter>
    </ClCompile>
    <ClCompile Include="mt5744.c">
      <Filter>Source Files</Filter>
    </ClCompile>
    <ClCompile Include="npu_nje.c">
      <Filter>Source Files</Filter>
    </ClCompile>
    <ClCompile Include="npu_hasp.c">
      <Filter>Source Files</Filter>
    </ClCompile>
    <ClCompile Include="time.c">
      <Filter>Source Files</Filter>
    </ClCompile>
    <ClCompile Include="niu.c">
      <Filter>Source Files</Filter>
    </ClCompile>
    <ClCompile Include="msufrend.c">
      <Filter>Source Files</Filter>
    </ClCompile>
  </ItemGroup>
  <ItemGroup>
    <ClInclude Include="const.h">
      <Filter>Header Files</Filter>
    </ClInclude>
    <ClInclude Include="cyber_channel_linux.h">
      <Filter>Header Files</Filter>
    </ClInclude>
    <ClInclude Include="cyber_channel_win32.h">
      <Filter>Header Files</Filter>
    </ClInclude>
    <ClInclude Include="npu.h">
      <Filter>Header Files</Filter>
    </ClInclude>
    <ClInclude Include="proto.h">
      <Filter>Header Files</Filter>
    </ClInclude>
    <ClInclude Include="resource.h">
      <Filter>Header Files</Filter>
    </ClInclude>
    <ClInclude Include="types.h">
      <Filter>Header Files</Filter>
    </ClInclude>
    <ClInclude Include="dcc6681.h">
      <Filter>Header Files</Filter>
    </ClInclude>
    <ClInclude Include="dirent_win.h">
      <Filter>Header Files</Filter>
    </ClInclude>
    <ClInclude Include="version.h">
      <Filter>Header Files</Filter>
    </ClInclude>
  </ItemGroup>
  <ItemGroup>
    <Image Include="console.ICO">
      <Filter>Resource Files</Filter>
    </Image>
    <Image Include="small.ico">
      <Filter>Resource Files</Filter>
    </Image>
  </ItemGroup>
  <ItemGroup>
    <ResourceCompile Include="window.rc">
      <Filter>Resource Files</Filter>
    </ResourceCompile>
  </ItemGroup>
  <ItemGroup>
    <None Include="Makefile.freebsd32">
      <Filter>Other Files</Filter>
    </None>
    <None Include="Makefile.freebsd64">
      <Filter>Other Files</Filter>
    </None>
    <None Include="Makefile.linux32">
      <Filter>Other Files</Filter>
    </None>
    <None Include="Makefile.linux64">
      <Filter>Other Files</Filter>
    </None>
    <None Include="Makefile.macosx">
      <Filter>Other Files</Filter>
    </None>
    <None Include="Makefile.solaris32">
      <Filter>Other Files</Filter>
    </None>
    <None Include="Makefile.solaris64">
      <Filter>Other Files</Filter>
    </None>
    <None Include="x64Debug.iss">
      <Filter>Other Files</Filter>
    </None>
    <None Include="x64Release.iss">
      <Filter>Other Files</Filter>
    </None>
    <None Include="x86Debug.iss">
      <Filter>Other Files</Filter>
    </None>
    <None Include="x86Release.iss">
      <Filter>Other Files</Filter>
    </None>
  </ItemGroup>
</Project>