{
  "name": "rje-station",
  "version": "1.0.0",
  "lockfileVersion": 2,
  "requires": true,
  "packages": {
    "": {
      "name": "rje-station",
      "version": "1.0.0",
      "license": "GPL-3.0-or-later",
      "engines": {
        "node": ">=16.0.0",
        "npm": ">=8.0.0"
      }
    }
  }
}
