{
  "name": "console3d",
  "version": "1.0.0",
  "lockfileVersion": 3,
  "requires": true,
  "packages": {
    "": {
      "name": "console3d",
      "version": "1.0.0",
      "license": "MIT",
      "dependencies": {
        "babylonjs": "~6.31.0",
        "babylonjs-loaders": "~6.31.0",
        "babylonjs-materials": "~6.31.0",
        "babylonjs-procedural-textures": "~6.31.0"
      }
    },
    "node_modules/babylonjs": {
      "version": "6.31.0",
      "resolved": "https://registry.npmjs.org/babylonjs/-/babylonjs-6.31.0.tgz",
      "integrity": "sha512-eRBgl0tIew8GUesrT2vrfRtr3LY0B/BV5ZfSBDZmOod6qj9Cqrb0V0QB0L6bEYnza1rBFe+jippRw1OSER783w==",
      "hasInstallScript": true
    },
    "node_modules/babylonjs-gltf2interface": {
      "version": "6.35.0",
      "resolved": "https://registry.npmjs.org/babylonjs-gltf2interface/-/babylonjs-gltf2interface-6.35.0.tgz",
      "integrity": "sha512-I7FBc0h6dhwO2xYKT/o0HVsWSiWCoG6RJ55rmcC6GrxJ2TY0uY5ctD445jz3HTI0iDOxGB/Or7uChUoywD8/3A=="
    },
    "node_modules/babylonjs-loaders": {
      "version": "6.31.0",
      "resolved": "https://registry.npmjs.org/babylonjs-loaders/-/babylonjs-loaders-6.31.0.tgz",
      "integrity": "sha512-ioUV+av6ThnZwu0J/0369bVEv3E612m+ZspIXVgocsedoKaJi+vx2dJ/jU1nn2U2D4jP9ccyBKF3MQxRoCOm3A==",
      "dependencies": {
        "babylonjs": "^6.31.0",
        "babylonjs-gltf2interface": "^6.31.0"
      }
    },
    "node_modules/babylonjs-materials": {
      "version": "6.31.0",
      "resolved": "https://registry.npmjs.org/babylonjs-materials/-/babylonjs-materials-6.31.0.tgz",
      "integrity": "sha512-jmveK4K0LCF0Q5/dHvs+rFOKtraiQ5zJKTnTzXXH7VSzfyLtVyNRkt6Nlov011L6jb5vOHT4nEzy0KbTLyL54A==",
      "dependencies": {
        "babylonjs": "^6.31.0"
      }
    },
    "node_modules/babylonjs-procedural-textures": {
      "version": "6.31.0",
      "resolved": "https://registry.npmjs.org/babylonjs-procedural-textures/-/babylonjs-procedural-textures-6.31.0.tgz",
      "integrity": "sha512-OrmYfwwBxrAw0Sg4GlbyZ7HcOaPNwHYCSNqxQBefKBXUEFGq5GsOU7yD+b4zK4/AM/CPP7oZVMsYjCMhYZToGg==",
      "dependencies": {
        "babylonjs": "^6.31.0"
      }
    }
  }
}
